
Microsoft Visual Studio Solution File, Format Version 12.00
# Visual Studio 15
VisualStudioVersion = 15.0.28307.1300
MinimumVisualStudioVersion = 10.0.40219.1
Project("{FAE04EC0-301F-11D3-BF4B-00C04F79EFBC}") = "Landeta_DbStorage.Android", "Landeta_DbStorage\Landeta_DbStorage.Android\Landeta_DbStorage.Android.csproj", "{B2680D95-C5EC-4005-A1F0-9B9BAB18CD23}"
EndProject
Project("{FAE04EC0-301F-11D3-BF4B-00C04F79EFBC}") = "Landeta_DbStorage", "Landeta_DbStorage\Landeta_DbStorage\Landeta_DbStorage.csproj", "{4E45881B-1E13-4336-B31A-752D4D26C180}"
EndProject
Global
	GlobalSection(SolutionConfigurationPlatforms) = preSolution
		Debug|Any CPU = Debug|Any CPU
		Release|Any CPU = Release|Any CPU
	EndGlobalSection
	GlobalSection(ProjectConfigurationPlatforms) = postSolution
		{B2680D95-C5EC-4005-A1F0-9B9BAB18CD23}.Debug|Any CPU.ActiveCfg = Debug|Any CPU
		{B2680D95-C5EC-4005-A1F0-9B9BAB18CD23}.Debug|Any CPU.Build.0 = Debug|Any CPU
		{B2680D95-C5EC-4005-A1F0-9B9BAB18CD23}.Debug|Any CPU.Deploy.0 = Debug|Any CPU
		{B2680D95-C5EC-4005-A1F0-9B9BAB18CD23}.Release|Any CPU.ActiveCfg = Release|Any CPU
		{B2680D95-C5EC-4005-A1F0-9B9BAB18CD23}.Release|Any CPU.Build.0 = Release|Any CPU
		{B2680D95-C5EC-4005-A1F0-9B9BAB18CD23}.Release|Any CPU.Deploy.0 = Release|Any CPU
		{4E45881B-1E13-4336-B31A-752D4D26C180}.Debug|Any CPU.ActiveCfg = Debug|Any CPU
		{4E45881B-1E13-4336-B31A-752D4D26C180}.Debug|Any CPU.Build.0 = Debug|Any CPU
		{4E45881B-1E13-4336-B31A-752D4D26C180}.Debug|Any CPU.Deploy.0 = Debug|Any CPU
		{4E45881B-1E13-4336-B31A-752D4D26C180}.Release|Any CPU.ActiveCfg = Release|Any CPU
		{4E45881B-1E13-4336-B31A-752D4D26C180}.Release|Any CPU.Build.0 = Release|Any CPU
		{4E45881B-1E13-4336-B31A-752D4D26C180}.Release|Any CPU.Deploy.0 = Release|Any CPU
	EndGlobalSection
	GlobalSection(SolutionProperties) = preSolution
		HideSolutionNode = FALSE
	EndGlobalSection
	GlobalSection(ExtensibilityGlobals) = postSolution
		SolutionGuid = {6ACBAB10-3C14-4140-AC61-521F7B554C28}
	EndGlobalSection
EndGlobal
